<?xml version="1.0" encoding="UTF-8"?>
<!DOCTYPE plist PUBLIC "-//Apple//DTD PLIST 1.0//EN" "http://www.apple.com/DTDs/PropertyList-1.0.dtd">
<plist version="1.0">
<dict>
	<key>archiveVersion</key>
	<string>1</string>
	<key>classes</key>
	<dict/>
	<key>objectVersion</key>
	<string>46</string>
	<key>objects</key>
	<dict>
		<key>0839CDB585025108ED7735E2</key>
		<dict>
			<key>buildActionMask</key>
			<string>2147483647</string>
			<key>files</key>
			<array/>
			<key>inputPaths</key>
			<array/>
			<key>isa</key>
			<string>PBXShellScriptBuildPhase</string>
			<key>name</key>
			<string>[CP] Embed Pods Frameworks</string>
			<key>outputPaths</key>
			<array/>
			<key>runOnlyForDeploymentPostprocessing</key>
			<string>0</string>
			<key>shellPath</key>
			<string>/bin/sh</string>
			<key>shellScript</key>
			<string>"${SRCROOT}/Pods/Target Support Files/Pods-skillup8/Pods-skillup8-frameworks.sh"
</string>
			<key>showEnvVarsInLog</key>
			<string>0</string>
		</dict>
		<key>090639AE197C6C50F42644E1</key>
		<dict>
			<key>buildActionMask</key>
			<string>2147483647</string>
			<key>files</key>
			<array/>
			<key>inputPaths</key>
			<array/>
			<key>isa</key>
			<string>PBXShellScriptBuildPhase</string>
			<key>name</key>
			<string>[CP] Check Pods Manifest.lock</string>
			<key>outputPaths</key>
			<array/>
			<key>runOnlyForDeploymentPostprocessing</key>
			<string>0</string>
			<key>shellPath</key>
			<string>/bin/sh</string>
			<key>shellScript</key>
			<string>diff "${PODS_ROOT}/../Podfile.lock" "${PODS_ROOT}/Manifest.lock" &gt; /dev/null
if [ $? != 0 ] ; then
    # print error to STDERR
    echo "error: The sandbox is not in sync with the Podfile.lock. Run 'pod install' or update your CocoaPods installation." &gt;&amp;2
    exit 1
fi
</string>
			<key>showEnvVarsInLog</key>
			<string>0</string>
		</dict>
		<key>0CB08B96AA2DFE67C9E61017</key>
		<dict>
			<key>includeInIndex</key>
			<string>1</string>
			<key>isa</key>
			<string>PBXFileReference</string>
			<key>lastKnownFileType</key>
			<string>text.xcconfig</string>
			<key>name</key>
			<string>Pods-skillup8UITests.release.xcconfig</string>
			<key>path</key>
			<string>Pods/Target Support Files/Pods-skillup8UITests/Pods-skillup8UITests.release.xcconfig</string>
			<key>sourceTree</key>
			<string>&lt;group&gt;</string>
		</dict>
		<key>186EB9720D4A88ECC3FDFED2</key>
		<dict>
			<key>explicitFileType</key>
			<string>wrapper.framework</string>
			<key>includeInIndex</key>
			<string>0</string>
			<key>isa</key>
			<string>PBXFileReference</string>
			<key>path</key>
			<string>Pods_skillup8UITests.framework</string>
			<key>sourceTree</key>
			<string>BUILT_PRODUCTS_DIR</string>
		</dict>
		<key>246E7538049487751B04B4F0</key>
		<dict>
			<key>includeInIndex</key>
			<string>1</string>
			<key>isa</key>
			<string>PBXFileReference</string>
			<key>lastKnownFileType</key>
			<string>text.xcconfig</string>
			<key>name</key>
			<string>Pods-skillup8Tests.debug.xcconfig</string>
			<key>path</key>
			<string>Pods/Target Support Files/Pods-skillup8Tests/Pods-skillup8Tests.debug.xcconfig</string>
			<key>sourceTree</key>
			<string>&lt;group&gt;</string>
		</dict>
		<key>3DF9B5E8BE6D58A18158E6C7</key>
		<dict>
			<key>includeInIndex</key>
			<string>1</string>
			<key>isa</key>
			<string>PBXFileReference</string>
			<key>lastKnownFileType</key>
			<string>text.xcconfig</string>
			<key>name</key>
			<string>Pods-skillup8.debug.xcconfig</string>
			<key>path</key>
			<string>Pods/Target Support Files/Pods-skillup8/Pods-skillup8.debug.xcconfig</string>
			<key>sourceTree</key>
			<string>&lt;group&gt;</string>
		</dict>
		<key>3FB147C796E137DA470056EE</key>
		<dict>
			<key>includeInIndex</key>
			<string>1</string>
			<key>isa</key>
			<string>PBXFileReference</string>
			<key>lastKnownFileType</key>
			<string>text.xcconfig</string>
			<key>name</key>
			<string>Pods-skillup8UITests.debug.xcconfig</string>
			<key>path</key>
			<string>Pods/Target Support Files/Pods-skillup8UITests/Pods-skillup8UITests.debug.xcconfig</string>
			<key>sourceTree</key>
			<string>&lt;group&gt;</string>
		</dict>
		<key>55971320596C581E2AA10F56</key>
		<dict>
			<key>buildActionMask</key>
			<string>2147483647</string>
			<key>files</key>
			<array/>
			<key>inputPaths</key>
			<array/>
			<key>isa</key>
			<string>PBXShellScriptBuildPhase</string>
			<key>name</key>
			<string>[CP] Embed Pods Frameworks</string>
			<key>outputPaths</key>
			<array/>
			<key>runOnlyForDeploymentPostprocessing</key>
			<string>0</string>
			<key>shellPath</key>
			<string>/bin/sh</string>
			<key>shellScript</key>
			<string>"${SRCROOT}/Pods/Target Support Files/Pods-skillup8Tests/Pods-skillup8Tests-frameworks.sh"
</string>
			<key>showEnvVarsInLog</key>
			<string>0</string>
		</dict>
		<key>57F87215DDF693DD19631489</key>
		<dict>
			<key>fileRef</key>
			<string>186EB9720D4A88ECC3FDFED2</string>
			<key>isa</key>
			<string>PBXBuildFile</string>
		</dict>
		<key>5AE1680A829BFDF1BEE1BCB4</key>
		<dict>
			<key>includeInIndex</key>
			<string>1</string>
			<key>isa</key>
			<string>PBXFileReference</string>
			<key>lastKnownFileType</key>
			<string>text.xcconfig</string>
			<key>name</key>
			<string>Pods-skillup8.release.xcconfig</string>
			<key>path</key>
			<string>Pods/Target Support Files/Pods-skillup8/Pods-skillup8.release.xcconfig</string>
			<key>sourceTree</key>
			<string>&lt;group&gt;</string>
		</dict>
		<key>6126F279E536A8FC4865A354</key>
		<dict>
			<key>explicitFileType</key>
			<string>wrapper.framework</string>
			<key>includeInIndex</key>
			<string>0</string>
			<key>isa</key>
			<string>PBXFileReference</string>
			<key>path</key>
			<string>Pods_skillup8Tests.framework</string>
			<key>sourceTree</key>
			<string>BUILT_PRODUCTS_DIR</string>
		</dict>
		<key>74B8F6A84898FC35E63B5AFB</key>
		<dict>
			<key>includeInIndex</key>
			<string>1</string>
			<key>isa</key>
			<string>PBXFileReference</string>
			<key>lastKnownFileType</key>
			<string>text.xcconfig</string>
			<key>name</key>
			<string>Pods-skillup8Tests.release.xcconfig</string>
			<key>path</key>
			<string>Pods/Target Support Files/Pods-skillup8Tests/Pods-skillup8Tests.release.xcconfig</string>
			<key>sourceTree</key>
			<string>&lt;group&gt;</string>
		</dict>
		<key>804A248BAA196A058BC2124C</key>
		<dict>
			<key>buildActionMask</key>
			<string>2147483647</string>
			<key>files</key>
			<array/>
			<key>inputPaths</key>
			<array/>
			<key>isa</key>
			<string>PBXShellScriptBuildPhase</string>
			<key>name</key>
			<string>[CP] Copy Pods Resources</string>
			<key>outputPaths</key>
			<array/>
			<key>runOnlyForDeploymentPostprocessing</key>
			<string>0</string>
			<key>shellPath</key>
			<string>/bin/sh</string>
			<key>shellScript</key>
			<string>"${SRCROOT}/Pods/Target Support Files/Pods-skillup8Tests/Pods-skillup8Tests-resources.sh"
</string>
			<key>showEnvVarsInLog</key>
			<string>0</string>
		</dict>
		<key>8F948E32DC3FA1F80E991753</key>
		<dict>
			<key>explicitFileType</key>
			<string>wrapper.framework</string>
			<key>includeInIndex</key>
			<string>0</string>
			<key>isa</key>
			<string>PBXFileReference</string>
			<key>path</key>
			<string>Pods_skillup8.framework</string>
			<key>sourceTree</key>
			<string>BUILT_PRODUCTS_DIR</string>
		</dict>
		<key>A7C3D983C4CF7574FF8ACEDE</key>
		<dict>
			<key>buildActionMask</key>
			<string>2147483647</string>
			<key>files</key>
			<array/>
			<key>inputPaths</key>
			<array/>
			<key>isa</key>
			<string>PBXShellScriptBuildPhase</string>
			<key>name</key>
			<string>[CP] Copy Pods Resources</string>
			<key>outputPaths</key>
			<array/>
			<key>runOnlyForDeploymentPostprocessing</key>
			<string>0</string>
			<key>shellPath</key>
			<string>/bin/sh</string>
			<key>shellScript</key>
			<string>"${SRCROOT}/Pods/Target Support Files/Pods-skillup8/Pods-skillup8-resources.sh"
</string>
			<key>showEnvVarsInLog</key>
			<string>0</string>
		</dict>
		<key>ABF28A18B3807BC54708DE8E</key>
		<dict>
			<key>fileRef</key>
			<string>6126F279E536A8FC4865A354</string>
			<key>isa</key>
			<string>PBXBuildFile</string>
		</dict>
		<key>B44F70F7FED29C6DB3022462</key>
		<dict>
			<key>buildActionMask</key>
			<string>2147483647</string>
			<key>files</key>
			<array/>
			<key>inputPaths</key>
			<array/>
			<key>isa</key>
			<string>PBXShellScriptBuildPhase</string>
			<key>name</key>
			<string>[CP] Embed Pods Frameworks</string>
			<key>outputPaths</key>
			<array/>
			<key>runOnlyForDeploymentPostprocessing</key>
			<string>0</string>
			<key>shellPath</key>
			<string>/bin/sh</string>
			<key>shellScript</key>
			<string>"${SRCROOT}/Pods/Target Support Files/Pods-skillup8UITests/Pods-skillup8UITests-frameworks.sh"
</string>
			<key>showEnvVarsInLog</key>
			<string>0</string>
		</dict>
		<key>BB4206B31F22E25F008F9818</key>
		<dict>
			<key>children</key>
			<array>
				<string>BB4206B61F22E28E008F9818</string>
				<string>BB4206B41F22E27D008F9818</string>
			</array>
			<key>isa</key>
			<string>PBXGroup</string>
			<key>name</key>
			<string>controller</string>
			<key>path</key>
			<string>controller</string>
			<key>sourceTree</key>
			<string>&lt;group&gt;</string>
		</dict>
		<key>BB4206B41F22E27D008F9818</key>
		<dict>
			<key>fileEncoding</key>
			<string>4</string>
			<key>isa</key>
			<string>PBXFileReference</string>
			<key>lastKnownFileType</key>
			<string>sourcecode.swift</string>
			<key>path</key>
			<string>UserMessagesViewController.swift</string>
			<key>sourceTree</key>
			<string>&lt;group&gt;</string>
		</dict>
		<key>BB4206B51F22E27D008F9818</key>
		<dict>
			<key>fileRef</key>
			<string>BB4206B41F22E27D008F9818</string>
			<key>isa</key>
			<string>PBXBuildFile</string>
		</dict>
		<key>BB4206B61F22E28E008F9818</key>
		<dict>
			<key>fileEncoding</key>
			<string>4</string>
			<key>isa</key>
			<string>PBXFileReference</string>
			<key>lastKnownFileType</key>
			<string>file.storyboard</string>
			<key>path</key>
			<string>UserMessagesViewController.storyboard</string>
			<key>sourceTree</key>
			<string>&lt;group&gt;</string>
		</dict>
		<key>BB4206B71F22E28E008F9818</key>
		<dict>
			<key>fileRef</key>
			<string>BB4206B61F22E28E008F9818</string>
			<key>isa</key>
			<string>PBXBuildFile</string>
		</dict>
		<key>BB4206B81F22E305008F9818</key>
		<dict>
			<key>children</key>
			<array>
				<string>BB4206B91F22E316008F9818</string>
			</array>
			<key>isa</key>
			<string>PBXGroup</string>
			<key>name</key>
			<string>model</string>
			<key>path</key>
			<string>model</string>
			<key>sourceTree</key>
			<string>&lt;group&gt;</string>
		</dict>
		<key>BB4206B91F22E316008F9818</key>
		<dict>
			<key>children</key>
			<array>
				<string>BB4206BA1F22E381008F9818</string>
			</array>
			<key>isa</key>
			<string>PBXGroup</string>
			<key>name</key>
			<string>Realm</string>
			<key>path</key>
			<string>Realm</string>
			<key>sourceTree</key>
			<string>&lt;group&gt;</string>
		</dict>
		<key>BB4206BA1F22E381008F9818</key>
		<dict>
			<key>fileEncoding</key>
			<string>4</string>
			<key>isa</key>
			<string>PBXFileReference</string>
			<key>lastKnownFileType</key>
			<string>sourcecode.swift</string>
			<key>path</key>
			<string>UserMessage.swift</string>
			<key>sourceTree</key>
			<string>&lt;group&gt;</string>
		</dict>
		<key>BB4206BB1F22E381008F9818</key>
		<dict>
			<key>fileRef</key>
			<string>BB4206BA1F22E381008F9818</string>
			<key>isa</key>
			<string>PBXBuildFile</string>
		</dict>
		<key>BB4206BC1F22E49A008F9818</key>
		<dict>
			<key>children</key>
			<array>
				<string>BB4206BD1F22E4CC008F9818</string>
			</array>
			<key>isa</key>
			<string>PBXGroup</string>
			<key>name</key>
			<string>helper</string>
			<key>path</key>
			<string>helper</string>
			<key>sourceTree</key>
			<string>&lt;group&gt;</string>
		</dict>
		<key>BB4206BD1F22E4CC008F9818</key>
		<dict>
			<key>fileEncoding</key>
			<string>4</string>
			<key>isa</key>
			<string>PBXFileReference</string>
			<key>lastKnownFileType</key>
			<string>sourcecode.swift</string>
			<key>path</key>
			<string>OperateRealmSwift.swift</string>
			<key>sourceTree</key>
			<string>&lt;group&gt;</string>
		</dict>
		<key>BB4206BE1F22E4CC008F9818</key>
		<dict>
			<key>fileRef</key>
			<string>BB4206BD1F22E4CC008F9818</string>
			<key>isa</key>
			<string>PBXBuildFile</string>
		</dict>
		<key>BB4206BF1F22E689008F9818</key>
		<dict>
			<key>children</key>
			<array>
				<string>BB4206C01F22E6C0008F9818</string>
			</array>
			<key>isa</key>
			<string>PBXGroup</string>
			<key>name</key>
			<string>view</string>
			<key>path</key>
			<string>view</string>
			<key>sourceTree</key>
			<string>&lt;group&gt;</string>
		</dict>
		<key>BB4206C01F22E6C0008F9818</key>
		<dict>
			<key>fileEncoding</key>
			<string>4</string>
			<key>isa</key>
			<string>PBXFileReference</string>
			<key>lastKnownFileType</key>
			<string>sourcecode.swift</string>
			<key>path</key>
			<string>UserMessageTableViewCell.swift</string>
			<key>sourceTree</key>
			<string>&lt;group&gt;</string>
		</dict>
		<key>BB4206C11F22E6C0008F9818</key>
		<dict>
			<key>fileRef</key>
			<string>BB4206C01F22E6C0008F9818</string>
			<key>isa</key>
			<string>PBXBuildFile</string>
		</dict>
		<key>BB4206C21F22F681008F9818</key>
		<dict>
			<key>children</key>
			<array>
				<string>BBBCEFCB1F22DB3C00D1CDE4</string>
				<string>BBBCEFD21F22DB3C00D1CDE4</string>
				<string>BBBCEFD71F22DB3C00D1CDE4</string>
				<string>BBBCEFD41F22DB3C00D1CDE4</string>
			</array>
			<key>isa</key>
			<string>PBXGroup</string>
			<key>name</key>
			<string>other</string>
			<key>path</key>
			<string>other</string>
			<key>sourceTree</key>
			<string>&lt;group&gt;</string>
		</dict>
		<key>BBBCEFBF1F22DB3C00D1CDE4</key>
		<dict>
			<key>children</key>
			<array>
				<string>C7F3B13759FBEECBE27F7C9E</string>
				<string>EAC837637A0AE60D933E9CF6</string>
				<string>BBBCEFC91F22DB3C00D1CDE4</string>
				<string>BBBCEFCA1F22DB3C00D1CDE4</string>
				<string>BBBCEFDF1F22DB3C00D1CDE4</string>
				<string>BBBCEFEA1F22DB3C00D1CDE4</string>
			</array>
			<key>isa</key>
			<string>PBXGroup</string>
			<key>sourceTree</key>
			<string>&lt;group&gt;</string>
		</dict>
		<key>BBBCEFC01F22DB3C00D1CDE4</key>
		<dict>
			<key>attributes</key>
			<dict>
				<key>LastSwiftUpdateCheck</key>
				<string>0830</string>
				<key>LastUpgradeCheck</key>
				<string>0830</string>
				<key>ORGANIZATIONNAME</key>
				<string>st-ventures.jp</string>
				<key>TargetAttributes</key>
				<dict>
					<key>BBBCEFC71F22DB3C00D1CDE4</key>
					<dict>
						<key>CreatedOnToolsVersion</key>
						<string>8.3.3</string>
						<key>DevelopmentTeam</key>
						<string>PCCZJUYRT6</string>
						<key>ProvisioningStyle</key>
						<string>Automatic</string>
					</dict>
					<key>BBBCEFDB1F22DB3C00D1CDE4</key>
					<dict>
						<key>CreatedOnToolsVersion</key>
						<string>8.3.3</string>
						<key>DevelopmentTeam</key>
						<string>PCCZJUYRT6</string>
						<key>ProvisioningStyle</key>
						<string>Automatic</string>
						<key>TestTargetID</key>
						<string>BBBCEFC71F22DB3C00D1CDE4</string>
					</dict>
					<key>BBBCEFE61F22DB3C00D1CDE4</key>
					<dict>
						<key>CreatedOnToolsVersion</key>
						<string>8.3.3</string>
						<key>DevelopmentTeam</key>
						<string>PCCZJUYRT6</string>
						<key>ProvisioningStyle</key>
						<string>Automatic</string>
						<key>TestTargetID</key>
						<string>BBBCEFC71F22DB3C00D1CDE4</string>
					</dict>
				</dict>
			</dict>
			<key>buildConfigurationList</key>
			<string>BBBCEFC31F22DB3C00D1CDE4</string>
			<key>compatibilityVersion</key>
			<string>Xcode 3.2</string>
			<key>developmentRegion</key>
			<string>English</string>
			<key>hasScannedForEncodings</key>
			<string>0</string>
			<key>isa</key>
			<string>PBXProject</string>
			<key>knownRegions</key>
			<array>
				<string>en</string>
				<string>Base</string>
			</array>
			<key>mainGroup</key>
			<string>BBBCEFBF1F22DB3C00D1CDE4</string>
			<key>productRefGroup</key>
			<string>BBBCEFC91F22DB3C00D1CDE4</string>
			<key>projectDirPath</key>
			<string></string>
			<key>projectReferences</key>
			<array/>
			<key>projectRoot</key>
			<string></string>
			<key>targets</key>
			<array>
				<string>BBBCEFC71F22DB3C00D1CDE4</string>
				<string>BBBCEFDB1F22DB3C00D1CDE4</string>
				<string>BBBCEFE61F22DB3C00D1CDE4</string>
			</array>
		</dict>
		<key>BBBCEFC31F22DB3C00D1CDE4</key>
		<dict>
			<key>buildConfigurations</key>
			<array>
				<string>BBBCEFEE1F22DB3C00D1CDE4</string>
				<string>BBBCEFEF1F22DB3C00D1CDE4</string>
			</array>
			<key>defaultConfigurationIsVisible</key>
			<string>0</string>
			<key>defaultConfigurationName</key>
			<string>Release</string>
			<key>isa</key>
			<string>XCConfigurationList</string>
		</dict>
		<key>BBBCEFC41F22DB3C00D1CDE4</key>
		<dict>
			<key>buildActionMask</key>
			<string>2147483647</string>
			<key>files</key>
			<array>
				<string>BB4206BB1F22E381008F9818</string>
				<string>BB4206C11F22E6C0008F9818</string>
				<string>BB4206B51F22E27D008F9818</string>
				<string>BBBCEFCC1F22DB3C00D1CDE4</string>
				<string>BB4206BE1F22E4CC008F9818</string>
			</array>
			<key>isa</key>
			<string>PBXSourcesBuildPhase</string>
			<key>runOnlyForDeploymentPostprocessing</key>
			<string>0</string>
		</dict>
		<key>BBBCEFC51F22DB3C00D1CDE4</key>
		<dict>
			<key>buildActionMask</key>
			<string>2147483647</string>
			<key>files</key>
			<array>
				<string>DC173243665DE3880DE17349</string>
			</array>
			<key>isa</key>
			<string>PBXFrameworksBuildPhase</string>
			<key>runOnlyForDeploymentPostprocessing</key>
			<string>0</string>
		</dict>
		<key>BBBCEFC61F22DB3C00D1CDE4</key>
		<dict>
			<key>buildActionMask</key>
			<string>2147483647</string>
			<key>files</key>
			<array>
				<string>BBBCEFD61F22DB3C00D1CDE4</string>
				<string>BBBCEFD31F22DB3C00D1CDE4</string>
				<string>BB4206B71F22E28E008F9818</string>
			</array>
			<key>isa</key>
			<string>PBXResourcesBuildPhase</string>
			<key>runOnlyForDeploymentPostprocessing</key>
			<string>0</string>
		</dict>
		<key>BBBCEFC71F22DB3C00D1CDE4</key>
		<dict>
			<key>buildConfigurationList</key>
			<string>BBBCEFF01F22DB3C00D1CDE4</string>
			<key>buildPhases</key>
			<array>
				<string>BE1C274182B09428D302F866</string>
				<string>BBBCEFC41F22DB3C00D1CDE4</string>
				<string>BBBCEFC51F22DB3C00D1CDE4</string>
				<string>BBBCEFC61F22DB3C00D1CDE4</string>
				<string>0839CDB585025108ED7735E2</string>
				<string>A7C3D983C4CF7574FF8ACEDE</string>
			</array>
			<key>buildRules</key>
			<array/>
			<key>dependencies</key>
			<array/>
			<key>isa</key>
			<string>PBXNativeTarget</string>
			<key>name</key>
			<string>skillup8</string>
			<key>productName</key>
			<string>skillup8</string>
			<key>productReference</key>
			<string>BBBCEFC81F22DB3C00D1CDE4</string>
			<key>productType</key>
			<string>com.apple.product-type.application</string>
		</dict>
		<key>BBBCEFC81F22DB3C00D1CDE4</key>
		<dict>
			<key>explicitFileType</key>
			<string>wrapper.application</string>
			<key>includeInIndex</key>
			<string>0</string>
			<key>isa</key>
			<string>PBXFileReference</string>
			<key>path</key>
			<string>skillup8.app</string>
			<key>sourceTree</key>
			<string>BUILT_PRODUCTS_DIR</string>
		</dict>
		<key>BBBCEFC91F22DB3C00D1CDE4</key>
		<dict>
			<key>children</key>
			<array>
				<string>BBBCEFC81F22DB3C00D1CDE4</string>
				<string>BBBCEFDC1F22DB3C00D1CDE4</string>
				<string>BBBCEFE71F22DB3C00D1CDE4</string>
			</array>
			<key>isa</key>
			<string>PBXGroup</string>
			<key>name</key>
			<string>Products</string>
			<key>sourceTree</key>
			<string>&lt;group&gt;</string>
		</dict>
		<key>BBBCEFCA1F22DB3C00D1CDE4</key>
		<dict>
			<key>children</key>
			<array>
				<string>BB4206B31F22E25F008F9818</string>
				<string>BB4206BC1F22E49A008F9818</string>
				<string>BB4206B81F22E305008F9818</string>
				<string>BB4206C21F22F681008F9818</string>
				<string>BB4206BF1F22E689008F9818</string>
			</array>
			<key>isa</key>
			<string>PBXGroup</string>
			<key>path</key>
			<string>skillup8</string>
			<key>sourceTree</key>
			<string>&lt;group&gt;</string>
		</dict>
		<key>BBBCEFCB1F22DB3C00D1CDE4</key>
		<dict>
			<key>isa</key>
			<string>PBXFileReference</string>
			<key>lastKnownFileType</key>
			<string>sourcecode.swift</string>
			<key>path</key>
			<string>AppDelegate.swift</string>
			<key>sourceTree</key>
			<string>&lt;group&gt;</string>
		</dict>
		<key>BBBCEFCC1F22DB3C00D1CDE4</key>
		<dict>
			<key>fileRef</key>
			<string>BBBCEFCB1F22DB3C00D1CDE4</string>
			<key>isa</key>
			<string>PBXBuildFile</string>
		</dict>
		<key>BBBCEFD21F22DB3C00D1CDE4</key>
		<dict>
			<key>isa</key>
			<string>PBXFileReference</string>
			<key>lastKnownFileType</key>
			<string>folder.assetcatalog</string>
			<key>path</key>
			<string>Assets.xcassets</string>
			<key>sourceTree</key>
			<string>&lt;group&gt;</string>
		</dict>
		<key>BBBCEFD31F22DB3C00D1CDE4</key>
		<dict>
			<key>fileRef</key>
			<string>BBBCEFD21F22DB3C00D1CDE4</string>
			<key>isa</key>
			<string>PBXBuildFile</string>
		</dict>
		<key>BBBCEFD41F22DB3C00D1CDE4</key>
		<dict>
			<key>children</key>
			<array>
				<string>BBBCEFD51F22DB3C00D1CDE4</string>
			</array>
			<key>isa</key>
			<string>PBXVariantGroup</string>
			<key>name</key>
			<string>LaunchScreen.storyboard</string>
			<key>path</key>
			<string>.</string>
			<key>sourceTree</key>
			<string>&lt;group&gt;</string>
		</dict>
		<key>BBBCEFD51F22DB3C00D1CDE4</key>
		<dict>
			<key>isa</key>
			<string>PBXFileReference</string>
			<key>lastKnownFileType</key>
			<string>file.storyboard</string>
			<key>name</key>
			<string>Base</string>
			<key>path</key>
			<string>Base.lproj/LaunchScreen.storyboard</string>
			<key>sourceTree</key>
			<string>&lt;group&gt;</string>
		</dict>
		<key>BBBCEFD61F22DB3C00D1CDE4</key>
		<dict>
			<key>fileRef</key>
			<string>BBBCEFD41F22DB3C00D1CDE4</string>
			<key>isa</key>
			<string>PBXBuildFile</string>
		</dict>
		<key>BBBCEFD71F22DB3C00D1CDE4</key>
		<dict>
			<key>isa</key>
			<string>PBXFileReference</string>
			<key>lastKnownFileType</key>
			<string>text.plist.xml</string>
			<key>path</key>
			<string>Info.plist</string>
			<key>sourceTree</key>
			<string>&lt;group&gt;</string>
		</dict>
		<key>BBBCEFD81F22DB3C00D1CDE4</key>
		<dict>
			<key>buildActionMask</key>
			<string>2147483647</string>
			<key>files</key>
			<array>
				<string>BBBCEFE11F22DB3C00D1CDE4</string>
			</array>
			<key>isa</key>
			<string>PBXSourcesBuildPhase</string>
			<key>runOnlyForDeploymentPostprocessing</key>
			<string>0</string>
		</dict>
		<key>BBBCEFD91F22DB3C00D1CDE4</key>
		<dict>
			<key>buildActionMask</key>
			<string>2147483647</string>
			<key>files</key>
			<array>
				<string>ABF28A18B3807BC54708DE8E</string>
			</array>
			<key>isa</key>
			<string>PBXFrameworksBuildPhase</string>
			<key>runOnlyForDeploymentPostprocessing</key>
			<string>0</string>
		</dict>
		<key>BBBCEFDA1F22DB3C00D1CDE4</key>
		<dict>
			<key>buildActionMask</key>
			<string>2147483647</string>
			<key>files</key>
			<array/>
			<key>isa</key>
			<string>PBXResourcesBuildPhase</string>
			<key>runOnlyForDeploymentPostprocessing</key>
			<string>0</string>
		</dict>
		<key>BBBCEFDB1F22DB3C00D1CDE4</key>
		<dict>
			<key>buildConfigurationList</key>
			<string>BBBCEFF31F22DB3C00D1CDE4</string>
			<key>buildPhases</key>
			<array>
				<string>090639AE197C6C50F42644E1</string>
				<string>BBBCEFD81F22DB3C00D1CDE4</string>
				<string>BBBCEFD91F22DB3C00D1CDE4</string>
				<string>BBBCEFDA1F22DB3C00D1CDE4</string>
				<string>55971320596C581E2AA10F56</string>
				<string>804A248BAA196A058BC2124C</string>
			</array>
			<key>buildRules</key>
			<array/>
			<key>dependencies</key>
			<array>
				<string>BBBCEFDE1F22DB3C00D1CDE4</string>
			</array>
			<key>isa</key>
			<string>PBXNativeTarget</string>
			<key>name</key>
			<string>skillup8Tests</string>
			<key>productName</key>
			<string>skillup8Tests</string>
			<key>productReference</key>
			<string>BBBCEFDC1F22DB3C00D1CDE4</string>
			<key>productType</key>
			<string>com.apple.product-type.bundle.unit-test</string>
		</dict>
		<key>BBBCEFDC1F22DB3C00D1CDE4</key>
		<dict>
			<key>explicitFileType</key>
			<string>wrapper.cfbundle</string>
			<key>includeInIndex</key>
			<string>0</string>
			<key>isa</key>
			<string>PBXFileReference</string>
			<key>path</key>
			<string>skillup8Tests.xctest</string>
			<key>sourceTree</key>
			<string>BUILT_PRODUCTS_DIR</string>
		</dict>
		<key>BBBCEFDD1F22DB3C00D1CDE4</key>
		<dict>
			<key>containerPortal</key>
			<string>BBBCEFC01F22DB3C00D1CDE4</string>
			<key>isa</key>
			<string>PBXContainerItemProxy</string>
			<key>proxyType</key>
			<string>1</string>
			<key>remoteGlobalIDString</key>
			<string>BBBCEFC71F22DB3C00D1CDE4</string>
			<key>remoteInfo</key>
			<string>skillup8</string>
		</dict>
		<key>BBBCEFDE1F22DB3C00D1CDE4</key>
		<dict>
			<key>isa</key>
			<string>PBXTargetDependency</string>
			<key>target</key>
			<string>BBBCEFC71F22DB3C00D1CDE4</string>
			<key>targetProxy</key>
			<string>BBBCEFDD1F22DB3C00D1CDE4</string>
		</dict>
		<key>BBBCEFDF1F22DB3C00D1CDE4</key>
		<dict>
			<key>children</key>
			<array>
				<string>BBBCEFE21F22DB3C00D1CDE4</string>
				<string>BBBCEFE01F22DB3C00D1CDE4</string>
			</array>
			<key>isa</key>
			<string>PBXGroup</string>
			<key>path</key>
			<string>skillup8Tests</string>
			<key>sourceTree</key>
			<string>&lt;group&gt;</string>
		</dict>
		<key>BBBCEFE01F22DB3C00D1CDE4</key>
		<dict>
			<key>isa</key>
			<string>PBXFileReference</string>
			<key>lastKnownFileType</key>
			<string>sourcecode.swift</string>
			<key>path</key>
			<string>skillup8Tests.swift</string>
			<key>sourceTree</key>
			<string>&lt;group&gt;</string>
		</dict>
		<key>BBBCEFE11F22DB3C00D1CDE4</key>
		<dict>
			<key>fileRef</key>
			<string>BBBCEFE01F22DB3C00D1CDE4</string>
			<key>isa</key>
			<string>PBXBuildFile</string>
		</dict>
		<key>BBBCEFE21F22DB3C00D1CDE4</key>
		<dict>
			<key>isa</key>
			<string>PBXFileReference</string>
			<key>lastKnownFileType</key>
			<string>text.plist.xml</string>
			<key>path</key>
			<string>Info.plist</string>
			<key>sourceTree</key>
			<string>&lt;group&gt;</string>
		</dict>
		<key>BBBCEFE31F22DB3C00D1CDE4</key>
		<dict>
			<key>buildActionMask</key>
			<string>2147483647</string>
			<key>files</key>
			<array>
				<string>BBBCEFEC1F22DB3C00D1CDE4</string>
			</array>
			<key>isa</key>
			<string>PBXSourcesBuildPhase</string>
			<key>runOnlyForDeploymentPostprocessing</key>
			<string>0</string>
		</dict>
		<key>BBBCEFE41F22DB3C00D1CDE4</key>
		<dict>
			<key>buildActionMask</key>
			<string>2147483647</string>
			<key>files</key>
			<array>
				<string>57F87215DDF693DD19631489</string>
			</array>
			<key>isa</key>
			<string>PBXFrameworksBuildPhase</string>
			<key>runOnlyForDeploymentPostprocessing</key>
			<string>0</string>
		</dict>
		<key>BBBCEFE51F22DB3C00D1CDE4</key>
		<dict>
			<key>buildActionMask</key>
			<string>2147483647</string>
			<key>files</key>
			<array/>
			<key>isa</key>
			<string>PBXResourcesBuildPhase</string>
			<key>runOnlyForDeploymentPostprocessing</key>
			<string>0</string>
		</dict>
		<key>BBBCEFE61F22DB3C00D1CDE4</key>
		<dict>
			<key>buildConfigurationList</key>
			<string>BBBCEFF61F22DB3C00D1CDE4</string>
			<key>buildPhases</key>
			<array>
				<string>E2422A999308994AA04804DA</string>
				<string>BBBCEFE31F22DB3C00D1CDE4</string>
				<string>BBBCEFE41F22DB3C00D1CDE4</string>
				<string>BBBCEFE51F22DB3C00D1CDE4</string>
				<string>B44F70F7FED29C6DB3022462</string>
				<string>E38AA85160FDDB4B24FADFB3</string>
			</array>
			<key>buildRules</key>
			<array/>
			<key>dependencies</key>
			<array>
				<string>BBBCEFE91F22DB3C00D1CDE4</string>
			</array>
			<key>isa</key>
			<string>PBXNativeTarget</string>
			<key>name</key>
			<string>skillup8UITests</string>
			<key>productName</key>
			<string>skillup8UITests</string>
			<key>productReference</key>
			<string>BBBCEFE71F22DB3C00D1CDE4</string>
			<key>productType</key>
			<string>com.apple.product-type.bundle.ui-testing</string>
		</dict>
		<key>BBBCEFE71F22DB3C00D1CDE4</key>
		<dict>
			<key>explicitFileType</key>
			<string>wrapper.cfbundle</string>
			<key>includeInIndex</key>
			<string>0</string>
			<key>isa</key>
			<string>PBXFileReference</string>
			<key>path</key>
			<string>skillup8UITests.xctest</string>
			<key>sourceTree</key>
			<string>BUILT_PRODUCTS_DIR</string>
		</dict>
		<key>BBBCEFE81F22DB3C00D1CDE4</key>
		<dict>
			<key>containerPortal</key>
			<string>BBBCEFC01F22DB3C00D1CDE4</string>
			<key>isa</key>
			<string>PBXContainerItemProxy</string>
			<key>proxyType</key>
			<string>1</string>
			<key>remoteGlobalIDString</key>
			<string>BBBCEFC71F22DB3C00D1CDE4</string>
			<key>remoteInfo</key>
			<string>skillup8</string>
		</dict>
		<key>BBBCEFE91F22DB3C00D1CDE4</key>
		<dict>
			<key>isa</key>
			<string>PBXTargetDependency</string>
			<key>target</key>
			<string>BBBCEFC71F22DB3C00D1CDE4</string>
			<key>targetProxy</key>
			<string>BBBCEFE81F22DB3C00D1CDE4</string>
		</dict>
		<key>BBBCEFEA1F22DB3C00D1CDE4</key>
		<dict>
			<key>children</key>
			<array>
				<string>BBBCEFED1F22DB3C00D1CDE4</string>
				<string>BBBCEFEB1F22DB3C00D1CDE4</string>
			</array>
			<key>isa</key>
			<string>PBXGroup</string>
			<key>path</key>
			<string>skillup8UITests</string>
			<key>sourceTree</key>
			<string>&lt;group&gt;</string>
		</dict>
		<key>BBBCEFEB1F22DB3C00D1CDE4</key>
		<dict>
			<key>isa</key>
			<string>PBXFileReference</string>
			<key>lastKnownFileType</key>
			<string>sourcecode.swift</string>
			<key>path</key>
			<string>skillup8UITests.swift</string>
			<key>sourceTree</key>
			<string>&lt;group&gt;</string>
		</dict>
		<key>BBBCEFEC1F22DB3C00D1CDE4</key>
		<dict>
			<key>fileRef</key>
			<string>BBBCEFEB1F22DB3C00D1CDE4</string>
			<key>isa</key>
			<string>PBXBuildFile</string>
		</dict>
		<key>BBBCEFED1F22DB3C00D1CDE4</key>
		<dict>
			<key>isa</key>
			<string>PBXFileReference</string>
			<key>lastKnownFileType</key>
			<string>text.plist.xml</string>
			<key>path</key>
			<string>Info.plist</string>
			<key>sourceTree</key>
			<string>&lt;group&gt;</string>
		</dict>
		<key>BBBCEFEE1F22DB3C00D1CDE4</key>
		<dict>
			<key>buildSettings</key>
			<dict>
				<key>ALWAYS_SEARCH_USER_PATHS</key>
				<string>NO</string>
				<key>CLANG_ANALYZER_NONNULL</key>
				<string>YES</string>
				<key>CLANG_ANALYZER_NUMBER_OBJECT_CONVERSION</key>
				<string>YES_AGGRESSIVE</string>
				<key>CLANG_CXX_LANGUAGE_STANDARD</key>
				<string>gnu++0x</string>
				<key>CLANG_CXX_LIBRARY</key>
				<string>libc++</string>
				<key>CLANG_ENABLE_MODULES</key>
				<string>YES</string>
				<key>CLANG_ENABLE_OBJC_ARC</key>
				<string>YES</string>
				<key>CLANG_WARN_BOOL_CONVERSION</key>
				<string>YES</string>
				<key>CLANG_WARN_CONSTANT_CONVERSION</key>
				<string>YES</string>
				<key>CLANG_WARN_DIRECT_OBJC_ISA_USAGE</key>
				<string>YES_ERROR</string>
				<key>CLANG_WARN_DOCUMENTATION_COMMENTS</key>
				<string>YES</string>
				<key>CLANG_WARN_EMPTY_BODY</key>
				<string>YES</string>
				<key>CLANG_WARN_ENUM_CONVERSION</key>
				<string>YES</string>
				<key>CLANG_WARN_INFINITE_RECURSION</key>
				<string>YES</string>
				<key>CLANG_WARN_INT_CONVERSION</key>
				<string>YES</string>
				<key>CLANG_WARN_OBJC_ROOT_CLASS</key>
				<string>YES_ERROR</string>
				<key>CLANG_WARN_SUSPICIOUS_MOVE</key>
				<string>YES</string>
				<key>CLANG_WARN_UNREACHABLE_CODE</key>
				<string>YES</string>
				<key>CLANG_WARN__DUPLICATE_METHOD_MATCH</key>
				<string>YES</string>
				<key>CODE_SIGN_IDENTITY[sdk=iphoneos*]</key>
				<string>iPhone Developer</string>
				<key>COPY_PHASE_STRIP</key>
				<string>NO</string>
				<key>DEBUG_INFORMATION_FORMAT</key>
				<string>dwarf</string>
				<key>ENABLE_STRICT_OBJC_MSGSEND</key>
				<string>YES</string>
				<key>ENABLE_TESTABILITY</key>
				<string>YES</string>
				<key>GCC_C_LANGUAGE_STANDARD</key>
				<string>gnu99</string>
				<key>GCC_DYNAMIC_NO_PIC</key>
				<string>NO</string>
				<key>GCC_NO_COMMON_BLOCKS</key>
				<string>YES</string>
				<key>GCC_OPTIMIZATION_LEVEL</key>
				<string>0</string>
				<key>GCC_PREPROCESSOR_DEFINITIONS</key>
				<array>
					<string>DEBUG=1</string>
					<string>$(inherited)</string>
				</array>
				<key>GCC_WARN_64_TO_32_BIT_CONVERSION</key>
				<string>YES</string>
				<key>GCC_WARN_ABOUT_RETURN_TYPE</key>
				<string>YES_ERROR</string>
				<key>GCC_WARN_UNDECLARED_SELECTOR</key>
				<string>YES</string>
				<key>GCC_WARN_UNINITIALIZED_AUTOS</key>
				<string>YES_AGGRESSIVE</string>
				<key>GCC_WARN_UNUSED_FUNCTION</key>
				<string>YES</string>
				<key>GCC_WARN_UNUSED_VARIABLE</key>
				<string>YES</string>
				<key>IPHONEOS_DEPLOYMENT_TARGET</key>
				<string>10.3</string>
				<key>MTL_ENABLE_DEBUG_INFO</key>
				<string>YES</string>
				<key>ONLY_ACTIVE_ARCH</key>
				<string>YES</string>
				<key>SDKROOT</key>
				<string>iphoneos</string>
				<key>SWIFT_ACTIVE_COMPILATION_CONDITIONS</key>
				<string>DEBUG</string>
				<key>SWIFT_OPTIMIZATION_LEVEL</key>
				<string>-Onone</string>
			</dict>
			<key>isa</key>
			<string>XCBuildConfiguration</string>
			<key>name</key>
			<string>Debug</string>
		</dict>
		<key>BBBCEFEF1F22DB3C00D1CDE4</key>
		<dict>
			<key>buildSettings</key>
			<dict>
				<key>ALWAYS_SEARCH_USER_PATHS</key>
				<string>NO</string>
				<key>CLANG_ANALYZER_NONNULL</key>
				<string>YES</string>
				<key>CLANG_ANALYZER_NUMBER_OBJECT_CONVERSION</key>
				<string>YES_AGGRESSIVE</string>
				<key>CLANG_CXX_LANGUAGE_STANDARD</key>
				<string>gnu++0x</string>
				<key>CLANG_CXX_LIBRARY</key>
				<string>libc++</string>
				<key>CLANG_ENABLE_MODULES</key>
				<string>YES</string>
				<key>CLANG_ENABLE_OBJC_ARC</key>
				<string>YES</string>
				<key>CLANG_WARN_BOOL_CONVERSION</key>
				<string>YES</string>
				<key>CLANG_WARN_CONSTANT_CONVERSION</key>
				<string>YES</string>
				<key>CLANG_WARN_DIRECT_OBJC_ISA_USAGE</key>
				<string>YES_ERROR</string>
				<key>CLANG_WARN_DOCUMENTATION_COMMENTS</key>
				<string>YES</string>
				<key>CLANG_WARN_EMPTY_BODY</key>
				<string>YES</string>
				<key>CLANG_WARN_ENUM_CONVERSION</key>
				<string>YES</string>
				<key>CLANG_WARN_INFINITE_RECURSION</key>
				<string>YES</string>
				<key>CLANG_WARN_INT_CONVERSION</key>
				<string>YES</string>
				<key>CLANG_WARN_OBJC_ROOT_CLASS</key>
				<string>YES_ERROR</string>
				<key>CLANG_WARN_SUSPICIOUS_MOVE</key>
				<string>YES</string>
				<key>CLANG_WARN_UNREACHABLE_CODE</key>
				<string>YES</string>
				<key>CLANG_WARN__DUPLICATE_METHOD_MATCH</key>
				<string>YES</string>
				<key>CODE_SIGN_IDENTITY[sdk=iphoneos*]</key>
				<string>iPhone Developer</string>
				<key>COPY_PHASE_STRIP</key>
				<string>NO</string>
				<key>DEBUG_INFORMATION_FORMAT</key>
				<string>dwarf-with-dsym</string>
				<key>ENABLE_NS_ASSERTIONS</key>
				<string>NO</string>
				<key>ENABLE_STRICT_OBJC_MSGSEND</key>
				<string>YES</string>
				<key>GCC_C_LANGUAGE_STANDARD</key>
				<string>gnu99</string>
				<key>GCC_NO_COMMON_BLOCKS</key>
				<string>YES</string>
				<key>GCC_WARN_64_TO_32_BIT_CONVERSION</key>
				<string>YES</string>
				<key>GCC_WARN_ABOUT_RETURN_TYPE</key>
				<string>YES_ERROR</string>
				<key>GCC_WARN_UNDECLARED_SELECTOR</key>
				<string>YES</string>
				<key>GCC_WARN_UNINITIALIZED_AUTOS</key>
				<string>YES_AGGRESSIVE</string>
				<key>GCC_WARN_UNUSED_FUNCTION</key>
				<string>YES</string>
				<key>GCC_WARN_UNUSED_VARIABLE</key>
				<string>YES</string>
				<key>IPHONEOS_DEPLOYMENT_TARGET</key>
				<string>10.3</string>
				<key>MTL_ENABLE_DEBUG_INFO</key>
				<string>NO</string>
				<key>SDKROOT</key>
				<string>iphoneos</string>
				<key>SWIFT_OPTIMIZATION_LEVEL</key>
				<string>-Owholemodule</string>
				<key>VALIDATE_PRODUCT</key>
				<string>YES</string>
			</dict>
			<key>isa</key>
			<string>XCBuildConfiguration</string>
			<key>name</key>
			<string>Release</string>
		</dict>
		<key>BBBCEFF01F22DB3C00D1CDE4</key>
		<dict>
			<key>buildConfigurations</key>
			<array>
				<string>BBBCEFF11F22DB3C00D1CDE4</string>
				<string>BBBCEFF21F22DB3C00D1CDE4</string>
			</array>
			<key>defaultConfigurationIsVisible</key>
			<string>0</string>
			<key>defaultConfigurationName</key>
			<string>Release</string>
			<key>isa</key>
			<string>XCConfigurationList</string>
		</dict>
		<key>BBBCEFF11F22DB3C00D1CDE4</key>
		<dict>
			<key>baseConfigurationReference</key>
			<string>3DF9B5E8BE6D58A18158E6C7</string>
			<key>buildSettings</key>
			<dict>
				<key>ASSETCATALOG_COMPILER_APPICON_NAME</key>
				<string>AppIcon</string>
				<key>DEVELOPMENT_TEAM</key>
				<string>PCCZJUYRT6</string>
				<key>INFOPLIST_FILE</key>
				<string>skillup8/other/Info.plist</string>
				<key>LD_RUNPATH_SEARCH_PATHS</key>
				<string>$(inherited) @executable_path/Frameworks</string>
				<key>PRODUCT_BUNDLE_IDENTIFIER</key>
				<string>jp.st-ventures.skillup8</string>
				<key>PRODUCT_NAME</key>
				<string>$(TARGET_NAME)</string>
				<key>SWIFT_VERSION</key>
				<string>3.0</string>
			</dict>
			<key>isa</key>
			<string>XCBuildConfiguration</string>
			<key>name</key>
			<string>Debug</string>
		</dict>
		<key>BBBCEFF21F22DB3C00D1CDE4</key>
		<dict>
			<key>baseConfigurationReference</key>
			<string>5AE1680A829BFDF1BEE1BCB4</string>
			<key>buildSettings</key>
			<dict>
				<key>ASSETCATALOG_COMPILER_APPICON_NAME</key>
				<string>AppIcon</string>
				<key>DEVELOPMENT_TEAM</key>
				<string>PCCZJUYRT6</string>
				<key>INFOPLIST_FILE</key>
				<string>skillup8/other/Info.plist</string>
				<key>LD_RUNPATH_SEARCH_PATHS</key>
				<string>$(inherited) @executable_path/Frameworks</string>
				<key>PRODUCT_BUNDLE_IDENTIFIER</key>
				<string>jp.st-ventures.skillup8</string>
				<key>PRODUCT_NAME</key>
				<string>$(TARGET_NAME)</string>
				<key>SWIFT_VERSION</key>
				<string>3.0</string>
			</dict>
			<key>isa</key>
			<string>XCBuildConfiguration</string>
			<key>name</key>
			<string>Release</string>
		</dict>
		<key>BBBCEFF31F22DB3C00D1CDE4</key>
		<dict>
			<key>buildConfigurations</key>
			<array>
				<string>BBBCEFF41F22DB3C00D1CDE4</string>
				<string>BBBCEFF51F22DB3C00D1CDE4</string>
			</array>
			<key>defaultConfigurationIsVisible</key>
			<string>0</string>
			<key>defaultConfigurationName</key>
			<string>Release</string>
			<key>isa</key>
			<string>XCConfigurationList</string>
		</dict>
		<key>BBBCEFF41F22DB3C00D1CDE4</key>
		<dict>
			<key>baseConfigurationReference</key>
			<string>246E7538049487751B04B4F0</string>
			<key>buildSettings</key>
			<dict>
				<key>ALWAYS_EMBED_SWIFT_STANDARD_LIBRARIES</key>
				<string>YES</string>
				<key>BUNDLE_LOADER</key>
				<string>$(TEST_HOST)</string>
				<key>DEVELOPMENT_TEAM</key>
				<string>PCCZJUYRT6</string>
				<key>INFOPLIST_FILE</key>
				<string>skillup8Tests/Info.plist</string>
				<key>LD_RUNPATH_SEARCH_PATHS</key>
				<string>$(inherited) @executable_path/Frameworks @loader_path/Frameworks</string>
				<key>PRODUCT_BUNDLE_IDENTIFIER</key>
				<string>jp.st-ventures.skillup8Tests</string>
				<key>PRODUCT_NAME</key>
				<string>$(TARGET_NAME)</string>
				<key>SWIFT_VERSION</key>
				<string>3.0</string>
				<key>TEST_HOST</key>
				<string>$(BUILT_PRODUCTS_DIR)/skillup8.app/skillup8</string>
			</dict>
			<key>isa</key>
			<string>XCBuildConfiguration</string>
			<key>name</key>
			<string>Debug</string>
		</dict>
		<key>BBBCEFF51F22DB3C00D1CDE4</key>
		<dict>
			<key>baseConfigurationReference</key>
			<string>74B8F6A84898FC35E63B5AFB</string>
			<key>buildSettings</key>
			<dict>
				<key>ALWAYS_EMBED_SWIFT_STANDARD_LIBRARIES</key>
				<string>YES</string>
				<key>BUNDLE_LOADER</key>
				<string>$(TEST_HOST)</string>
				<key>DEVELOPMENT_TEAM</key>
				<string>PCCZJUYRT6</string>
				<key>INFOPLIST_FILE</key>
				<string>skillup8Tests/Info.plist</string>
				<key>LD_RUNPATH_SEARCH_PATHS</key>
				<string>$(inherited) @executable_path/Frameworks @loader_path/Frameworks</string>
				<key>PRODUCT_BUNDLE_IDENTIFIER</key>
				<string>jp.st-ventures.skillup8Tests</string>
				<key>PRODUCT_NAME</key>
				<string>$(TARGET_NAME)</string>
				<key>SWIFT_VERSION</key>
				<string>3.0</string>
				<key>TEST_HOST</key>
				<string>$(BUILT_PRODUCTS_DIR)/skillup8.app/skillup8</string>
			</dict>
			<key>isa</key>
			<string>XCBuildConfiguration</string>
			<key>name</key>
			<string>Release</string>
		</dict>
		<key>BBBCEFF61F22DB3C00D1CDE4</key>
		<dict>
			<key>buildConfigurations</key>
			<array>
				<string>BBBCEFF71F22DB3C00D1CDE4</string>
				<string>BBBCEFF81F22DB3C00D1CDE4</string>
			</array>
			<key>defaultConfigurationIsVisible</key>
			<string>0</string>
			<key>defaultConfigurationName</key>
			<string>Release</string>
			<key>isa</key>
			<string>XCConfigurationList</string>
		</dict>
		<key>BBBCEFF71F22DB3C00D1CDE4</key>
		<dict>
			<key>baseConfigurationReference</key>
			<string>3FB147C796E137DA470056EE</string>
			<key>buildSettings</key>
			<dict>
				<key>ALWAYS_EMBED_SWIFT_STANDARD_LIBRARIES</key>
				<string>YES</string>
				<key>DEVELOPMENT_TEAM</key>
				<string>PCCZJUYRT6</string>
				<key>INFOPLIST_FILE</key>
				<string>skillup8UITests/Info.plist</string>
				<key>LD_RUNPATH_SEARCH_PATHS</key>
				<string>$(inherited) @executable_path/Frameworks @loader_path/Frameworks</string>
				<key>PRODUCT_BUNDLE_IDENTIFIER</key>
				<string>jp.st-ventures.skillup8UITests</string>
				<key>PRODUCT_NAME</key>
				<string>$(TARGET_NAME)</string>
				<key>SWIFT_VERSION</key>
				<string>3.0</string>
				<key>TEST_TARGET_NAME</key>
				<string>skillup8</string>
			</dict>
			<key>isa</key>
			<string>XCBuildConfiguration</string>
			<key>name</key>
			<string>Debug</string>
		</dict>
		<key>BBBCEFF81F22DB3C00D1CDE4</key>
		<dict>
			<key>baseConfigurationReference</key>
			<string>0CB08B96AA2DFE67C9E61017</string>
			<key>buildSettings</key>
			<dict>
				<key>ALWAYS_EMBED_SWIFT_STANDARD_LIBRARIES</key>
				<string>YES</string>
				<key>DEVELOPMENT_TEAM</key>
				<string>PCCZJUYRT6</string>
				<key>INFOPLIST_FILE</key>
				<string>skillup8UITests/Info.plist</string>
				<key>LD_RUNPATH_SEARCH_PATHS</key>
				<string>$(inherited) @executable_path/Frameworks @loader_path/Frameworks</string>
				<key>PRODUCT_BUNDLE_IDENTIFIER</key>
				<string>jp.st-ventures.skillup8UITests</string>
				<key>PRODUCT_NAME</key>
				<string>$(TARGET_NAME)</string>
				<key>SWIFT_VERSION</key>
				<string>3.0</string>
				<key>TEST_TARGET_NAME</key>
				<string>skillup8</string>
			</dict>
			<key>isa</key>
			<string>XCBuildConfiguration</string>
			<key>name</key>
			<string>Release</string>
		</dict>
		<key>BE1C274182B09428D302F866</key>
		<dict>
			<key>buildActionMask</key>
			<string>2147483647</string>
			<key>files</key>
			<array/>
			<key>inputPaths</key>
			<array/>
			<key>isa</key>
			<string>PBXShellScriptBuildPhase</string>
			<key>name</key>
			<string>[CP] Check Pods Manifest.lock</string>
			<key>outputPaths</key>
			<array/>
			<key>runOnlyForDeploymentPostprocessing</key>
			<string>0</string>
			<key>shellPath</key>
			<string>/bin/sh</string>
			<key>shellScript</key>
			<string>diff "${PODS_ROOT}/../Podfile.lock" "${PODS_ROOT}/Manifest.lock" &gt; /dev/null
if [ $? != 0 ] ; then
    # print error to STDERR
    echo "error: The sandbox is not in sync with the Podfile.lock. Run 'pod install' or update your CocoaPods installation." &gt;&amp;2
    exit 1
fi
</string>
			<key>showEnvVarsInLog</key>
			<string>0</string>
		</dict>
		<key>C7F3B13759FBEECBE27F7C9E</key>
		<dict>
			<key>children</key>
			<array>
				<string>8F948E32DC3FA1F80E991753</string>
				<string>6126F279E536A8FC4865A354</string>
				<string>186EB9720D4A88ECC3FDFED2</string>
			</array>
			<key>isa</key>
			<string>PBXGroup</string>
			<key>name</key>
			<string>Frameworks</string>
			<key>sourceTree</key>
			<string>&lt;group&gt;</string>
		</dict>
		<key>DC173243665DE3880DE17349</key>
		<dict>
			<key>fileRef</key>
			<string>8F948E32DC3FA1F80E991753</string>
			<key>isa</key>
			<string>PBXBuildFile</string>
		</dict>
		<key>E2422A999308994AA04804DA</key>
		<dict>
			<key>buildActionMask</key>
			<string>2147483647</string>
			<key>files</key>
			<array/>
			<key>inputPaths</key>
			<array/>
			<key>isa</key>
			<string>PBXShellScriptBuildPhase</string>
			<key>name</key>
			<string>[CP] Check Pods Manifest.lock</string>
			<key>outputPaths</key>
			<array/>
			<key>runOnlyForDeploymentPostprocessing</key>
			<string>0</string>
			<key>shellPath</key>
			<string>/bin/sh</string>
			<key>shellScript</key>
			<string>diff "${PODS_ROOT}/../Podfile.lock" "${PODS_ROOT}/Manifest.lock" &gt; /dev/null
if [ $? != 0 ] ; then
    # print error to STDERR
    echo "error: The sandbox is not in sync with the Podfile.lock. Run 'pod install' or update your CocoaPods installation." &gt;&amp;2
    exit 1
fi
</string>
			<key>showEnvVarsInLog</key>
			<string>0</string>
		</dict>
		<key>E38AA85160FDDB4B24FADFB3</key>
		<dict>
			<key>buildActionMask</key>
			<string>2147483647</string>
			<key>files</key>
			<array/>
			<key>inputPaths</key>
			<array/>
			<key>isa</key>
			<string>PBXShellScriptBuildPhase</string>
			<key>name</key>
			<string>[CP] Copy Pods Resources</string>
			<key>outputPaths</key>
			<array/>
			<key>runOnlyForDeploymentPostprocessing</key>
			<string>0</string>
			<key>shellPath</key>
			<string>/bin/sh</string>
			<key>shellScript</key>
			<string>"${SRCROOT}/Pods/Target Support Files/Pods-skillup8UITests/Pods-skillup8UITests-resources.sh"
</string>
			<key>showEnvVarsInLog</key>
			<string>0</string>
		</dict>
		<key>EAC837637A0AE60D933E9CF6</key>
		<dict>
			<key>children</key>
			<array>
				<string>3DF9B5E8BE6D58A18158E6C7</string>
				<string>5AE1680A829BFDF1BEE1BCB4</string>
				<string>246E7538049487751B04B4F0</string>
				<string>74B8F6A84898FC35E63B5AFB</string>
				<string>3FB147C796E137DA470056EE</string>
				<string>0CB08B96AA2DFE67C9E61017</string>
			</array>
			<key>isa</key>
			<string>PBXGroup</string>
			<key>name</key>
			<string>Pods</string>
			<key>sourceTree</key>
			<string>&lt;group&gt;</string>
		</dict>
	</dict>
	<key>rootObject</key>
	<string>BBBCEFC01F22DB3C00D1CDE4</string>
</dict>
</plist>
